// !$*UTF8*$!
{
	archiveVersion = 1;
	classes = {
	};
	objectVersion = 50;
	objects = {

/* Begin PBXBuildFile section */
		939A0A2B2636FCBF005AAE41 /* AppDelegate.swift in Sources */ = {isa = PBXBuildFile; fileRef = 939A0A2A2636FCBF005AAE41 /* AppDelegate.swift */; };
		939A0A2D2636FCBF005AAE41 /* SceneDelegate.swift in Sources */ = {isa = PBXBuildFile; fileRef = 939A0A2C2636FCBF005AAE41 /* SceneDelegate.swift */; };
		939A0A2F2636FCBF005AAE41 /* HomeViewController.swift in Sources */ = {isa = PBXBuildFile; fileRef = 939A0A2E2636FCBF005AAE41 /* HomeViewController.swift */; };
		939A0A342636FCC1005AAE41 /* Assets.xcassets in Resources */ = {isa = PBXBuildFile; fileRef = 939A0A332636FCC1005AAE41 /* Assets.xcassets */; };
		939A0A372636FCC1005AAE41 /* LaunchScreen.storyboard in Resources */ = {isa = PBXBuildFile; fileRef = 939A0A352636FCC1005AAE41 /* LaunchScreen.storyboard */; };
		939A0A422636FD8E005AAE41 /* Coordinator.swift in Sources */ = {isa = PBXBuildFile; fileRef = 939A0A412636FD8E005AAE41 /* Coordinator.swift */; };
		939A0A452636FDAD005AAE41 /* HomeCoordinator.swift in Sources */ = {isa = PBXBuildFile; fileRef = 939A0A442636FDAD005AAE41 /* HomeCoordinator.swift */; };
		939A0A482636FDC9005AAE41 /* HomePresenter.swift in Sources */ = {isa = PBXBuildFile; fileRef = 939A0A472636FDC9005AAE41 /* HomePresenter.swift */; };
		939A0A532636FF7A005AAE41 /* APIResponse.swift in Sources */ = {isa = PBXBuildFile; fileRef = 939A0A522636FF7A005AAE41 /* APIResponse.swift */; };
		939A0A572636FFD2005AAE41 /* APIRoute.swift in Sources */ = {isa = PBXBuildFile; fileRef = 939A0A562636FFD2005AAE41 /* APIRoute.swift */; };
		939A0A5A2636FFDB005AAE41 /* APIService.swift in Sources */ = {isa = PBXBuildFile; fileRef = 939A0A592636FFDB005AAE41 /* APIService.swift */; };
		939A0A5E2637037F005AAE41 /* UIViewExtension.swift in Sources */ = {isa = PBXBuildFile; fileRef = 939A0A5D2637037F005AAE41 /* UIViewExtension.swift */; };
		939A0A62263703B5005AAE41 /* UIImageViewExtension.swift in Sources */ = {isa = PBXBuildFile; fileRef = 939A0A61263703B5005AAE41 /* UIImageViewExtension.swift */; };
		939A0A65263703CE005AAE41 /* UITableViewExtension.swift in Sources */ = {isa = PBXBuildFile; fileRef = 939A0A64263703CE005AAE41 /* UITableViewExtension.swift */; };
		939A0A6826370946005AAE41 /* DetailedViewController.swift in Sources */ = {isa = PBXBuildFile; fileRef = 939A0A6726370946005AAE41 /* DetailedViewController.swift */; };
		939A0A6B26370A0B005AAE41 /* DetailedPresenter.swift in Sources */ = {isa = PBXBuildFile; fileRef = 939A0A6A26370A0B005AAE41 /* DetailedPresenter.swift */; };
		939A0A6E26370A13005AAE41 /* DetailedCoordinator.swift in Sources */ = {isa = PBXBuildFile; fileRef = 939A0A6D26370A13005AAE41 /* DetailedCoordinator.swift */; };
/* End PBXBuildFile section */

/* Begin PBXFileReference section */
		939A0A272636FCBF005AAE41 /* GAN.app */ = {isa = PBXFileReference; explicitFileType = wrapper.application; includeInIndex = 0; path = GAN.app; sourceTree = BUILT_PRODUCTS_DIR; };
		939A0A2A2636FCBF005AAE41 /* AppDelegate.swift */ = {isa = PBXFileReference; lastKnownFileType = sourcecode.swift; path = AppDelegate.swift; sourceTree = "<group>"; };
		939A0A2C2636FCBF005AAE41 /* SceneDelegate.swift */ = {isa = PBXFileReference; lastKnownFileType = sourcecode.swift; path = SceneDelegate.swift; sourceTree = "<group>"; };
		939A0A2E2636FCBF005AAE41 /* HomeViewController.swift */ = {isa = PBXFileReference; lastKnownFileType = sourcecode.swift; path = HomeViewController.swift; sourceTree = "<group>"; };
		939A0A332636FCC1005AAE41 /* Assets.xcassets */ = {isa = PBXFileReference; lastKnownFileType = folder.assetcatalog; path = Assets.xcassets; sourceTree = "<group>"; };
		939A0A362636FCC1005AAE41 /* Base */ = {isa = PBXFileReference; lastKnownFileType = file.storyboard; name = Base; path = Base.lproj/LaunchScreen.storyboard; sourceTree = "<group>"; };
		939A0A382636FCC1005AAE41 /* Info.plist */ = {isa = PBXFileReference; lastKnownFileType = text.plist.xml; path = Info.plist; sourceTree = "<group>"; };
		939A0A412636FD8E005AAE41 /* Coordinator.swift */ = {isa = PBXFileReference; lastKnownFileType = sourcecode.swift; path = Coordinator.swift; sourceTree = "<group>"; };
		939A0A442636FDAD005AAE41 /* HomeCoordinator.swift */ = {isa = PBXFileReference; lastKnownFileType = sourcecode.swift; path = HomeCoordinator.swift; sourceTree = "<group>"; };
		939A0A472636FDC9005AAE41 /* HomePresenter.swift */ = {isa = PBXFileReference; lastKnownFileType = sourcecode.swift; path = HomePresenter.swift; sourceTree = "<group>"; };
		939A0A522636FF7A005AAE41 /* APIResponse.swift */ = {isa = PBXFileReference; lastKnownFileType = sourcecode.swift; path = APIResponse.swift; sourceTree = "<group>"; };
		939A0A562636FFD2005AAE41 /* APIRoute.swift */ = {isa = PBXFileReference; lastKnownFileType = sourcecode.swift; path = APIRoute.swift; sourceTree = "<group>"; };
		939A0A592636FFDB005AAE41 /* APIService.swift */ = {isa = PBXFileReference; lastKnownFileType = sourcecode.swift; path = APIService.swift; sourceTree = "<group>"; };
		939A0A5D2637037F005AAE41 /* UIViewExtension.swift */ = {isa = PBXFileReference; lastKnownFileType = sourcecode.swift; path = UIViewExtension.swift; sourceTree = "<group>"; };
		939A0A61263703B5005AAE41 /* UIImageViewExtension.swift */ = {isa = PBXFileReference; lastKnownFileType = sourcecode.swift; path = UIImageViewExtension.swift; sourceTree = "<group>"; };
		939A0A64263703CE005AAE41 /* UITableViewExtension.swift */ = {isa = PBXFileReference; lastKnownFileType = sourcecode.swift; path = UITableViewExtension.swift; sourceTree = "<group>"; };
		939A0A6726370946005AAE41 /* DetailedViewController.swift */ = {isa = PBXFileReference; lastKnownFileType = sourcecode.swift; path = DetailedViewController.swift; sourceTree = "<group>"; };
		939A0A6A26370A0B005AAE41 /* DetailedPresenter.swift */ = {isa = PBXFileReference; lastKnownFileType = sourcecode.swift; path = DetailedPresenter.swift; sourceTree = "<group>"; };
		939A0A6D26370A13005AAE41 /* DetailedCoordinator.swift */ = {isa = PBXFileReference; lastKnownFileType = sourcecode.swift; path = DetailedCoordinator.swift; sourceTree = "<group>"; };
/* End PBXFileReference section */

/* Begin PBXFrameworksBuildPhase section */
		939A0A242636FCBF005AAE41 /* Frameworks */ = {
			isa = PBXFrameworksBuildPhase;
			buildActionMask = 2147483647;
			files = (
			);
			runOnlyForDeploymentPostprocessing = 0;
		};
/* End PBXFrameworksBuildPhase section */

/* Begin PBXGroup section */
		939A0A1E2636FCBF005AAE41 = {
			isa = PBXGroup;
			children = (
				939A0A292636FCBF005AAE41 /* GAN */,
				939A0A282636FCBF005AAE41 /* Products */,
			);
			sourceTree = "<group>";
		};
		939A0A282636FCBF005AAE41 /* Products */ = {
			isa = PBXGroup;
			children = (
				939A0A272636FCBF005AAE41 /* GAN.app */,
			);
			name = Products;
			sourceTree = "<group>";
		};
		939A0A292636FCBF005AAE41 /* GAN */ = {
			isa = PBXGroup;
			children = (
				939A0A2A2636FCBF005AAE41 /* AppDelegate.swift */,
				939A0A2C2636FCBF005AAE41 /* SceneDelegate.swift */,
				939A0A512636FF69005AAE41 /* API */,
				939A0A4C2636FEF2005AAE41 /* Home */,
				939A0A4D2636FF01005AAE41 /* Common */,
				939A0A4E2636FF08005AAE41 /* Helpers */,
				939A0A332636FCC1005AAE41 /* Assets.xcassets */,
				939A0A352636FCC1005AAE41 /* LaunchScreen.storyboard */,
				939A0A382636FCC1005AAE41 /* Info.plist */,
			);
			path = GAN;
			sourceTree = "<group>";
		};
		939A0A4C2636FEF2005AAE41 /* Home */ = {
			isa = PBXGroup;
			children = (
				939A0A442636FDAD005AAE41 /* HomeCoordinator.swift */,
				939A0A472636FDC9005AAE41 /* HomePresenter.swift */,
				939A0A2E2636FCBF005AAE41 /* HomeViewController.swift */,
				939A0A6D26370A13005AAE41 /* DetailedCoordinator.swift */,
				939A0A6A26370A0B005AAE41 /* DetailedPresenter.swift */,
				939A0A6726370946005AAE41 /* DetailedViewController.swift */,
			);
			path = Home;
			sourceTree = "<group>";
		};
		939A0A4D2636FF01005AAE41 /* Common */ = {
			isa = PBXGroup;
			children = (
				939A0A412636FD8E005AAE41 /* Coordinator.swift */,
			);
			path = Common;
			sourceTree = "<group>";
		};
		939A0A4E2636FF08005AAE41 /* Helpers */ = {
			isa = PBXGroup;
			children = (
				939A0A5D2637037F005AAE41 /* UIViewExtension.swift */,
				939A0A61263703B5005AAE41 /* UIImageViewExtension.swift */,
				939A0A64263703CE005AAE41 /* UITableViewExtension.swift */,
				939A0A60263703AB005AAE41 /* New Group */,
			);
			path = Helpers;
			sourceTree = "<group>";
		};
		939A0A512636FF69005AAE41 /* API */ = {
			isa = PBXGroup;
			children = (
				939A0A522636FF7A005AAE41 /* APIResponse.swift */,
				939A0A562636FFD2005AAE41 /* APIRoute.swift */,
				939A0A592636FFDB005AAE41 /* APIService.swift */,
			);
			path = API;
			sourceTree = "<group>";
		};
		939A0A60263703AB005AAE41 /* New Group */ = {
			isa = PBXGroup;
			children = (
			);
			path = "New Group";
			sourceTree = "<group>";
		};
/* End PBXGroup section */

/* Begin PBXNativeTarget section */
		939A0A262636FCBF005AAE41 /* GAN */ = {
			isa = PBXNativeTarget;
			buildConfigurationList = 939A0A3B2636FCC1005AAE41 /* Build configuration list for PBXNativeTarget "GAN" */;
			buildPhases = (
				939A0A232636FCBF005AAE41 /* Sources */,
				939A0A242636FCBF005AAE41 /* Frameworks */,
				939A0A252636FCBF005AAE41 /* Resources */,
			);
			buildRules = (
			);
			dependencies = (
			);
			name = GAN;
			productName = GAN;
			productReference = 939A0A272636FCBF005AAE41 /* GAN.app */;
			productType = "com.apple.product-type.application";
		};
/* End PBXNativeTarget section */

/* Begin PBXProject section */
		939A0A1F2636FCBF005AAE41 /* Project object */ = {
			isa = PBXProject;
			attributes = {
				LastSwiftUpdateCheck = 1240;
				LastUpgradeCheck = 1240;
				TargetAttributes = {
					939A0A262636FCBF005AAE41 = {
						CreatedOnToolsVersion = 12.4;
					};
				};
			};
			buildConfigurationList = 939A0A222636FCBF005AAE41 /* Build configuration list for PBXProject "GAN" */;
			compatibilityVersion = "Xcode 9.3";
			developmentRegion = en;
			hasScannedForEncodings = 0;
			knownRegions = (
				en,
				Base,
			);
			mainGroup = 939A0A1E2636FCBF005AAE41;
			productRefGroup = 939A0A282636FCBF005AAE41 /* Products */;
			projectDirPath = "";
			projectRoot = "";
			targets = (
				939A0A262636FCBF005AAE41 /* GAN */,
			);
		};
/* End PBXProject section */

/* Begin PBXResourcesBuildPhase section */
		939A0A252636FCBF005AAE41 /* Resources */ = {
			isa = PBXResourcesBuildPhase;
			buildActionMask = 2147483647;
			files = (
				939A0A372636FCC1005AAE41 /* LaunchScreen.storyboard in Resources */,
				939A0A342636FCC1005AAE41 /* Assets.xcassets in Resources */,
			);
			runOnlyForDeploymentPostprocessing = 0;
		};
/* End PBXResourcesBuildPhase section */

/* Begin PBXSourcesBuildPhase section */
		939A0A232636FCBF005AAE41 /* Sources */ = {
			isa = PBXSourcesBuildPhase;
			buildActionMask = 2147483647;
			files = (
				939A0A6B26370A0B005AAE41 /* DetailedPresenter.swift in Sources */,
				939A0A6826370946005AAE41 /* DetailedViewController.swift in Sources */,
				939A0A5E2637037F005AAE41 /* UIViewExtension.swift in Sources */,
				939A0A532636FF7A005AAE41 /* APIResponse.swift in Sources */,
				939A0A422636FD8E005AAE41 /* Coordinator.swift in Sources */,
				939A0A65263703CE005AAE41 /* UITableViewExtension.swift in Sources */,
				939A0A6E26370A13005AAE41 /* DetailedCoordinator.swift in Sources */,
				939A0A572636FFD2005AAE41 /* APIRoute.swift in Sources */,
				939A0A2F2636FCBF005AAE41 /* HomeViewController.swift in Sources */,
				939A0A452636FDAD005AAE41 /* HomeCoordinator.swift in Sources */,
				939A0A62263703B5005AAE41 /* UIImageViewExtension.swift in Sources */,
				939A0A482636FDC9005AAE41 /* HomePresenter.swift in Sources */,
				939A0A2B2636FCBF005AAE41 /* AppDelegate.swift in Sources */,
				939A0A5A2636FFDB005AAE41 /* APIService.swift in Sources */,
				939A0A2D2636FCBF005AAE41 /* SceneDelegate.swift in Sources */,
			);
			runOnlyForDeploymentPostprocessing = 0;
		};
/* End PBXSourcesBuildPhase section */

/* Begin PBXVariantGroup section */
		939A0A352636FCC1005AAE41 /* LaunchScreen.storyboard */ = {
			isa = PBXVariantGroup;
			children = (
				939A0A362636FCC1005AAE41 /* Base */,
			);
			name = LaunchScreen.storyboard;
			sourceTree = "<group>";
		};
/* End PBXVariantGroup section */

/* Begin XCBuildConfiguration section */
		939A0A392636FCC1005AAE41 /* Debug */ = {
			isa = XCBuildConfiguration;
			buildSettings = {
				ALWAYS_SEARCH_USER_PATHS = NO;
				CLANG_ANALYZER_NONNULL = YES;
				CLANG_ANALYZER_NUMBER_OBJECT_CONVERSION = YES_AGGRESSIVE;
				CLANG_CXX_LANGUAGE_STANDARD = "gnu++14";
				CLANG_CXX_LIBRARY = "libc++";
				CLANG_ENABLE_MODULES = YES;
				CLANG_ENABLE_OBJC_ARC = YES;
				CLANG_ENABLE_OBJC_WEAK = YES;
				CLANG_WARN_BLOCK_CAPTURE_AUTORELEASING = YES;
				CLANG_WARN_BOOL_CONVERSION = YES;
				CLANG_WARN_COMMA = YES;
				CLANG_WARN_CONSTANT_CONVERSION = YES;
				CLANG_WARN_DEPRECATED_OBJC_IMPLEMENTATIONS = YES;
				CLANG_WARN_DIRECT_OBJC_ISA_USAGE = YES_ERROR;
				CLANG_WARN_DOCUMENTATION_COMMENTS = YES;
				CLANG_WARN_EMPTY_BODY = YES;
				CLANG_WARN_ENUM_CONVERSION = YES;
				CLANG_WARN_INFINITE_RECURSION = YES;
				CLANG_WARN_INT_CONVERSION = YES;
				CLANG_WARN_NON_LITERAL_NULL_CONVERSION = YES;
				CLANG_WARN_OBJC_IMPLICIT_RETAIN_SELF = YES;
				CLANG_WARN_OBJC_LITERAL_CONVERSION = YES;
				CLANG_WARN_OBJC_ROOT_CLASS = YES_ERROR;
				CLANG_WARN_QUOTED_INCLUDE_IN_FRAMEWORK_HEADER = YES;
				CLANG_WARN_RANGE_LOOP_ANALYSIS = YES;
				CLANG_WARN_STRICT_PROTOTYPES = YES;
				CLANG_WARN_SUSPICIOUS_MOVE = YES;
				CLANG_WARN_UNGUARDED_AVAILABILITY = YES_AGGRESSIVE;
				CLANG_WARN_UNREACHABLE_CODE = YES;
				CLANG_WARN__DUPLICATE_METHOD_MATCH = YES;
				COPY_PHASE_STRIP = NO;
				DEBUG_INFORMATION_FORMAT = dwarf;
				ENABLE_STRICT_OBJC_MSGSEND = YES;
				ENABLE_TESTABILITY = YES;
				GCC_C_LANGUAGE_STANDARD = gnu11;
				GCC_DYNAMIC_NO_PIC = NO;
				GCC_NO_COMMON_BLOCKS = YES;
				GCC_OPTIMIZATION_LEVEL = 0;
				GCC_PREPROCESSOR_DEFINITIONS = (
					"DEBUG=1",
					"$(inherited)",
				);
				GCC_WARN_64_TO_32_BIT_CONVERSION = YES;
				GCC_WARN_ABOUT_RETURN_TYPE = YES_ERROR;
				GCC_WARN_UNDECLARED_SELECTOR = YES;
				GCC_WARN_UNINITIALIZED_AUTOS = YES_AGGRESSIVE;
				GCC_WARN_UNUSED_FUNCTION = YES;
				GCC_WARN_UNUSED_VARIABLE = YES;
				IPHONEOS_DEPLOYMENT_TARGET = 14.4;
				MTL_ENABLE_DEBUG_INFO = INCLUDE_SOURCE;
				MTL_FAST_MATH = YES;
				ONLY_ACTIVE_ARCH = YES;
				SDKROOT = iphoneos;
				SWIFT_ACTIVE_COMPILATION_CONDITIONS = DEBUG;
				SWIFT_OPTIMIZATION_LEVEL = "-Onone";
			};
			name = Debug;
		};
		939A0A3A2636FCC1005AAE41 /* Release */ = {
			isa = XCBuildConfiguration;
			buildSettings = {
				ALWAYS_SEARCH_USER_PATHS = NO;
				CLANG_ANALYZER_NONNULL = YES;
				CLANG_ANALYZER_NUMBER_OBJECT_CONVERSION = YES_AGGRESSIVE;
				CLANG_CXX_LANGUAGE_STANDARD = "gnu++14";
				CLANG_CXX_LIBRARY = "libc++";
				CLANG_ENABLE_MODULES = YES;
				CLANG_ENABLE_OBJC_ARC = YES;
				CLANG_ENABLE_OBJC_WEAK = YES;
				CLANG_WARN_BLOCK_CAPTURE_AUTORELEASING = YES;
				CLANG_WARN_BOOL_CONVERSION = YES;
				CLANG_WARN_COMMA = YES;
				CLANG_WARN_CONSTANT_CONVERSION = YES;
				CLANG_WARN_DEPRECATED_OBJC_IMPLEMENTATIONS = YES;
				CLANG_WARN_DIRECT_OBJC_ISA_USAGE = YES_ERROR;
				CLANG_WARN_DOCUMENTATION_COMMENTS = YES;
				CLANG_WARN_EMPTY_BODY = YES;
				CLANG_WARN_ENUM_CONVERSION = YES;
				CLANG_WARN_INFINITE_RECURSION = YES;
				CLANG_WARN_INT_CONVERSION = YES;
				CLANG_WARN_NON_LITERAL_NULL_CONVERSION = YES;
				CLANG_WARN_OBJC_IMPLICIT_RETAIN_SELF = YES;
				CLANG_WARN_OBJC_LITERAL_CONVERSION = YES;
				CLANG_WARN_OBJC_ROOT_CLASS = YES_ERROR;
				CLANG_WARN_QUOTED_INCLUDE_IN_FRAMEWORK_HEADER = YES;
				CLANG_WARN_RANGE_LOOP_ANALYSIS = YES;
				CLANG_WARN_STRICT_PROTOTYPES = YES;
				CLANG_WARN_SUSPICIOUS_MOVE = YES;
				CLANG_WARN_UNGUARDED_AVAILABILITY = YES_AGGRESSIVE;
				CLANG_WARN_UNREACHABLE_CODE = YES;
				CLANG_WARN__DUPLICATE_METHOD_MATCH = YES;
				COPY_PHASE_STRIP = NO;
				DEBUG_INFORMATION_FORMAT = "dwarf-with-dsym";
				ENABLE_NS_ASSERTIONS = NO;
				ENABLE_STRICT_OBJC_MSGSEND = YES;
				GCC_C_LANGUAGE_STANDARD = gnu11;
				GCC_NO_COMMON_BLOCKS = YES;
				GCC_WARN_64_TO_32_BIT_CONVERSION = YES;
				GCC_WARN_ABOUT_RETURN_TYPE = YES_ERROR;
				GCC_WARN_UNDECLARED_SELECTOR = YES;
				GCC_WARN_UNINITIALIZED_AUTOS = YES_AGGRESSIVE;
				GCC_WARN_UNUSED_FUNCTION = YES;
				GCC_WARN_UNUSED_VARIABLE = YES;
				IPHONEOS_DEPLOYMENT_TARGET = 14.4;
				MTL_ENABLE_DEBUG_INFO = NO;
				MTL_FAST_MATH = YES;
				SDKROOT = iphoneos;
				SWIFT_COMPILATION_MODE = wholemodule;
				SWIFT_OPTIMIZATION_LEVEL = "-O";
				VALIDATE_PRODUCT = YES;
			};
			name = Release;
		};
		939A0A3C2636FCC1005AAE41 /* Debug */ = {
			isa = XCBuildConfiguration;
			buildSettings = {
				ASSETCATALOG_COMPILER_APPICON_NAME = AppIcon;
				ASSETCATALOG_COMPILER_GLOBAL_ACCENT_COLOR_NAME = AccentColor;
				CODE_SIGN_STYLE = Automatic;
				DEVELOPMENT_TEAM = 7Z8VP2V3US;
				INFOPLIST_FILE = GAN/Info.plist;
				LD_RUNPATH_SEARCH_PATHS = (
					"$(inherited)",
					"@executable_path/Frameworks",
				);
				PRODUCT_BUNDLE_IDENTIFIER = latenightjazzrecords.GAN;
				PRODUCT_NAME = "$(TARGET_NAME)";
				SWIFT_VERSION = 5.0;
				TARGETED_DEVICE_FAMILY = "1,2";
			};
			name = Debug;
		};
		939A0A3D2636FCC1005AAE41 /* Release */ = {
			isa = XCBuildConfiguration;
			buildSettings = {
				ASSETCATALOG_COMPILER_APPICON_NAME = AppIcon;
				ASSETCATALOG_COMPILER_GLOBAL_ACCENT_COLOR_NAME = AccentColor;
				CODE_SIGN_STYLE = Automatic;
				DEVELOPMENT_TEAM = 7Z8VP2V3US;
				INFOPLIST_FILE = GAN/Info.plist;
				LD_RUNPATH_SEARCH_PATHS = (
					"$(inherited)",
					"@executable_path/Frameworks",
				);
				PRODUCT_BUNDLE_IDENTIFIER = latenightjazzrecords.GAN;
				PRODUCT_NAME = "$(TARGET_NAME)";
				SWIFT_VERSION = 5.0;
				TARGETED_DEVICE_FAMILY = "1,2";
			};
			name = Release;
		};
/* End XCBuildConfiguration section */

/* Begin XCConfigurationList section */
		939A0A222636FCBF005AAE41 /* Build configuration list for PBXProject "GAN" */ = {
			isa = XCConfigurationList;
			buildConfigurations = (
				939A0A392636FCC1005AAE41 /* Debug */,
				939A0A3A2636FCC1005AAE41 /* Release */,
			);
			defaultConfigurationIsVisible = 0;
			defaultConfigurationName = Release;
		};
		939A0A3B2636FCC1005AAE41 /* Build configuration list for PBXNativeTarget "GAN" */ = {
			isa = XCConfigurationList;
			buildConfigurations = (
				939A0A3C2636FCC1005AAE41 /* Debug */,
				939A0A3D2636FCC1005AAE41 /* Release */,
			);
			defaultConfigurationIsVisible = 0;
			defaultConfigurationName = Release;
		};
/* End XCConfigurationList section */
	};
	rootObject = 939A0A1F2636FCBF005AAE41 /* Project object */;
}
